
Microsoft Visual Studio Solution File, Format Version 12.00
# Visual Studio Version 16
VisualStudioVersion = 16.0.29020.237
MinimumVisualStudioVersion = 10.0.40219.1
Project("{8BC9CEB8-8B4A-11D0-8D11-00A0C91BC942}") = "Lab13", "Lab13.vcxproj", "{EE16EF40-7981-45D0-9682-B7F5D2B2BAFD}"
EndProject
Global
	GlobalSection(SolutionConfigurationPlatforms) = preSolution
		Debug|x64 = Debug|x64
		Debug|x86 = Debug|x86
		Release|x64 = Release|x64
		Release|x86 = Release|x86
	EndGlobalSection
	GlobalSection(ProjectConfigurationPlatforms) = postSolution
		{EE16EF40-7981-45D0-9682-B7F5D2B2BAFD}.Debug|x64.ActiveCfg = Debug|x64
		{EE16EF40-7981-45D0-9682-B7F5D2B2BAFD}.Debug|x64.Build.0 = Debug|x64
		{EE16EF40-7981-45D0-9682-B7F5D2B2BAFD}.Debug|x86.ActiveCfg = Debug|Win32
		{EE16EF40-7981-45D0-9682-B7F5D2B2BAFD}.Debug|x86.Build.0 = Debug|Win32
		{EE16EF40-7981-45D0-9682-B7F5D2B2BAFD}.Release|x64.ActiveCfg = Release|x64
		{EE16EF40-7981-45D0-9682-B7F5D2B2BAFD}.Release|x64.Build.0 = Release|x64
		{EE16EF40-7981-45D0-9682-B7F5D2B2BAFD}.Release|x86.ActiveCfg = Release|Win32
		{EE16EF40-7981-45D0-9682-B7F5D2B2BAFD}.Release|x86.Build.0 = Release|Win32
	EndGlobalSection
	GlobalSection(SolutionProperties) = preSolution
		HideSolutionNode = FALSE
	EndGlobalSection
	GlobalSection(ExtensibilityGlobals) = postSolution
		SolutionGuid = {9A352834-44EA-4799-B627-BEF542DB1961}
	EndGlobalSection
EndGlobal
