
Microsoft Visual Studio Solution File, Format Version 12.00
# Visual Studio Version 16
VisualStudioVersion = 16.0.29215.179
MinimumVisualStudioVersion = 10.0.40219.1
Project("{8BC9CEB8-8B4A-11D0-8D11-00A0C91BC942}") = "Box", "Box.vcxproj", "{FE6E4795-CC47-4C3D-A920-C14C94DC4E52}"
EndProject
Global
	GlobalSection(SolutionConfigurationPlatforms) = preSolution
		Debug|x64 = Debug|x64
		Debug|x86 = Debug|x86
		Release|x64 = Release|x64
		Release|x86 = Release|x86
	EndGlobalSection
	GlobalSection(ProjectConfigurationPlatforms) = postSolution
		{FE6E4795-CC47-4C3D-A920-C14C94DC4E52}.Debug|x64.ActiveCfg = Debug|x64
		{FE6E4795-CC47-4C3D-A920-C14C94DC4E52}.Debug|x64.Build.0 = Debug|x64
		{FE6E4795-CC47-4C3D-A920-C14C94DC4E52}.Debug|x86.ActiveCfg = Debug|Win32
		{FE6E4795-CC47-4C3D-A920-C14C94DC4E52}.Debug|x86.Build.0 = Debug|Win32
		{FE6E4795-CC47-4C3D-A920-C14C94DC4E52}.Release|x64.ActiveCfg = Release|x64
		{FE6E4795-CC47-4C3D-A920-C14C94DC4E52}.Release|x64.Build.0 = Release|x64
		{FE6E4795-CC47-4C3D-A920-C14C94DC4E52}.Release|x86.ActiveCfg = Release|Win32
		{FE6E4795-CC47-4C3D-A920-C14C94DC4E52}.Release|x86.Build.0 = Release|Win32
	EndGlobalSection
	GlobalSection(SolutionProperties) = preSolution
		HideSolutionNode = FALSE
	EndGlobalSection
	GlobalSection(ExtensibilityGlobals) = postSolution
		SolutionGuid = {3B442FBC-B7D7-4A50-8CF2-6DD146EB2551}
	EndGlobalSection
EndGlobal
